
Microsoft Visual Studio Solution File, Format Version 12.00
# Visual Studio Version 17
VisualStudioVersion = 17.14.36518.9 d17.14
MinimumVisualStudioVersion = 10.0.40219.1
Project("{FAE04EC0-301F-11D3-BF4B-00C04F79EFBC}") = "TodoServerApp", "TodoServerApp\TodoServerApp.csproj", "{8DC48C58-AEE5-4E65-BF28-09B26141F221}"
EndProject
Global
	GlobalSection(SolutionConfigurationPlatforms) = preSolution
		Debug|Any CPU = Debug|Any CPU
		Release|Any CPU = Release|Any CPU
	EndGlobalSection
	GlobalSection(ProjectConfigurationPlatforms) = postSolution
		{8DC48C58-AEE5-4E65-BF28-09B26141F221}.Debug|Any CPU.ActiveCfg = Debug|Any CPU
		{8DC48C58-AEE5-4E65-BF28-09B26141F221}.Debug|Any CPU.Build.0 = Debug|Any CPU
		{8DC48C58-AEE5-4E65-BF28-09B26141F221}.Release|Any CPU.ActiveCfg = Release|Any CPU
		{8DC48C58-AEE5-4E65-BF28-09B26141F221}.Release|Any CPU.Build.0 = Release|Any CPU
	EndGlobalSection
	GlobalSection(SolutionProperties) = preSolution
		HideSolutionNode = FALSE
	EndGlobalSection
	GlobalSection(ExtensibilityGlobals) = postSolution
		SolutionGuid = {E65352C3-19C6-4245-BCA2-388249860F2B}
	EndGlobalSection
EndGlobal
